
Microsoft Visual Studio Solution File, Format Version 12.00
# Visual Studio Version 17
VisualStudioVersion = 17.4.33205.214
MinimumVisualStudioVersion = 10.0.40219.1
Project("{9A19103F-16F7-4668-BE54-9A1E7A4F7556}") = "Sardanapal.Ef", "Sardanapal.Ef\Sardanapal.Ef.csproj", "{3B21148A-6219-4812-9E49-83AE51C3A68A}"
EndProject
Project("{9A19103F-16F7-4668-BE54-9A1E7A4F7556}") = "Sardanapal.Share", "Sardanapal.Share\Sardanapal.Share.csproj", "{CA1DCB63-4A03-4D8A-930D-00E348C234B1}"
EndProject
Project("{9A19103F-16F7-4668-BE54-9A1E7A4F7556}") = "Sardanapal.ViewModel", "Sardanapal.ViewModel\Sardanapal.ViewModel.csproj", "{D3F6132C-C14B-448B-AFB7-F07AF421D8FF}"
EndProject
Project("{9A19103F-16F7-4668-BE54-9A1E7A4F7556}") = "Sardanapal.Ef.Service", "Sardanapal.Ef.Service\Sardanapal.Ef.Service.csproj", "{212D4084-0BC6-4068-A3F8-CB39578FDD2F}"
EndProject
Project("{9A19103F-16F7-4668-BE54-9A1E7A4F7556}") = "Sardanapal.Http.Service", "Sardanapal.Http.Service\Sardanapal.Http.Service.csproj", "{4338297F-8926-4A25-B28B-9B87EDC656D8}"
EndProject
Project("{9A19103F-16F7-4668-BE54-9A1E7A4F7556}") = "Sardanapal.Domain", "Sardanapal.Domain\Sardanapal.Domain.csproj", "{7A11B59E-5B7A-4B96-8973-954746895805}"
EndProject
Project("{9A19103F-16F7-4668-BE54-9A1E7A4F7556}") = "Sardanapal.RedisCach", "Sardanapal.RedisCach\Sardanapal.RedisCach.csproj", "{A5E3D128-1D52-4535-BBD3-668BD8CA519B}"
EndProject
Project("{9A19103F-16F7-4668-BE54-9A1E7A4F7556}") = "Sardanapal.RedisCach.Service", "Sardanapal.RedisCach.Service\Sardanapal.RedisCach.Service.csproj", "{A73C0B96-2AC3-4D6B-8578-31BF81774449}"
EndProject
Project("{9A19103F-16F7-4668-BE54-9A1E7A4F7556}") = "Sardanapal.Validation", "Sardanapal.Validation\Sardanapal.Validation.csproj", "{4B3FD80B-B435-410A-82D2-7548297F7C42}"
EndProject
Project("{2150E333-8FDC-42A3-9474-1A3956D46DE8}") = "Build", "Build", "{6E21CC45-B6F8-42B7-BE3C-1077A26587F8}"
	ProjectSection(SolutionItems) = preProject
		Build.json = Build.json
		.github\workflows\dotnet.yml = .github\workflows\dotnet.yml
		SDBuild.go = SDBuild.go
	EndProjectSection
EndProject
Project("{9A19103F-16F7-4668-BE54-9A1E7A4F7556}") = "Sardanapal.Contract", "Sardanapal.Contract\Sardanapal.Contract.csproj", "{BEC08AEB-60B2-40ED-A798-C36E83E9C40E}"
EndProject
Project("{9A19103F-16F7-4668-BE54-9A1E7A4F7556}") = "Sardanapal.RabbitMQ.Service", "Sardanapal.RabbitMQ.Service\Sardanapal.RabbitMQ.Service.csproj", "{A3AA4879-E1FB-4BB4-BC25-12345B1AC06D}"
EndProject
Global
	GlobalSection(SolutionConfigurationPlatforms) = preSolution
		Debug|Any CPU = Debug|Any CPU
		Release|Any CPU = Release|Any CPU
	EndGlobalSection
	GlobalSection(ProjectConfigurationPlatforms) = postSolution
		{3B21148A-6219-4812-9E49-83AE51C3A68A}.Debug|Any CPU.ActiveCfg = Debug|Any CPU
		{3B21148A-6219-4812-9E49-83AE51C3A68A}.Debug|Any CPU.Build.0 = Debug|Any CPU
		{3B21148A-6219-4812-9E49-83AE51C3A68A}.Release|Any CPU.ActiveCfg = Release|Any CPU
		{3B21148A-6219-4812-9E49-83AE51C3A68A}.Release|Any CPU.Build.0 = Release|Any CPU
		{CA1DCB63-4A03-4D8A-930D-00E348C234B1}.Debug|Any CPU.ActiveCfg = Debug|Any CPU
		{CA1DCB63-4A03-4D8A-930D-00E348C234B1}.Debug|Any CPU.Build.0 = Debug|Any CPU
		{CA1DCB63-4A03-4D8A-930D-00E348C234B1}.Release|Any CPU.ActiveCfg = Release|Any CPU
		{CA1DCB63-4A03-4D8A-930D-00E348C234B1}.Release|Any CPU.Build.0 = Release|Any CPU
		{D3F6132C-C14B-448B-AFB7-F07AF421D8FF}.Debug|Any CPU.ActiveCfg = Debug|Any CPU
		{D3F6132C-C14B-448B-AFB7-F07AF421D8FF}.Debug|Any CPU.Build.0 = Debug|Any CPU
		{D3F6132C-C14B-448B-AFB7-F07AF421D8FF}.Release|Any CPU.ActiveCfg = Release|Any CPU
		{D3F6132C-C14B-448B-AFB7-F07AF421D8FF}.Release|Any CPU.Build.0 = Release|Any CPU
		{212D4084-0BC6-4068-A3F8-CB39578FDD2F}.Debug|Any CPU.ActiveCfg = Debug|Any CPU
		{212D4084-0BC6-4068-A3F8-CB39578FDD2F}.Debug|Any CPU.Build.0 = Debug|Any CPU
		{212D4084-0BC6-4068-A3F8-CB39578FDD2F}.Release|Any CPU.ActiveCfg = Release|Any CPU
		{212D4084-0BC6-4068-A3F8-CB39578FDD2F}.Release|Any CPU.Build.0 = Release|Any CPU
		{4338297F-8926-4A25-B28B-9B87EDC656D8}.Debug|Any CPU.ActiveCfg = Debug|Any CPU
		{4338297F-8926-4A25-B28B-9B87EDC656D8}.Debug|Any CPU.Build.0 = Debug|Any CPU
		{4338297F-8926-4A25-B28B-9B87EDC656D8}.Release|Any CPU.ActiveCfg = Release|Any CPU
		{4338297F-8926-4A25-B28B-9B87EDC656D8}.Release|Any CPU.Build.0 = Release|Any CPU
		{7A11B59E-5B7A-4B96-8973-954746895805}.Debug|Any CPU.ActiveCfg = Debug|Any CPU
		{7A11B59E-5B7A-4B96-8973-954746895805}.Debug|Any CPU.Build.0 = Debug|Any CPU
		{7A11B59E-5B7A-4B96-8973-954746895805}.Release|Any CPU.ActiveCfg = Release|Any CPU
		{7A11B59E-5B7A-4B96-8973-954746895805}.Release|Any CPU.Build.0 = Release|Any CPU
		{A5E3D128-1D52-4535-BBD3-668BD8CA519B}.Debug|Any CPU.ActiveCfg = Debug|Any CPU
		{A5E3D128-1D52-4535-BBD3-668BD8CA519B}.Debug|Any CPU.Build.0 = Debug|Any CPU
		{A5E3D128-1D52-4535-BBD3-668BD8CA519B}.Release|Any CPU.ActiveCfg = Release|Any CPU
		{A5E3D128-1D52-4535-BBD3-668BD8CA519B}.Release|Any CPU.Build.0 = Release|Any CPU
		{A73C0B96-2AC3-4D6B-8578-31BF81774449}.Debug|Any CPU.ActiveCfg = Debug|Any CPU
		{A73C0B96-2AC3-4D6B-8578-31BF81774449}.Debug|Any CPU.Build.0 = Debug|Any CPU
		{A73C0B96-2AC3-4D6B-8578-31BF81774449}.Release|Any CPU.ActiveCfg = Release|Any CPU
		{A73C0B96-2AC3-4D6B-8578-31BF81774449}.Release|Any CPU.Build.0 = Release|Any CPU
		{4B3FD80B-B435-410A-82D2-7548297F7C42}.Debug|Any CPU.ActiveCfg = Debug|Any CPU
		{4B3FD80B-B435-410A-82D2-7548297F7C42}.Debug|Any CPU.Build.0 = Debug|Any CPU
		{4B3FD80B-B435-410A-82D2-7548297F7C42}.Release|Any CPU.ActiveCfg = Release|Any CPU
		{4B3FD80B-B435-410A-82D2-7548297F7C42}.Release|Any CPU.Build.0 = Release|Any CPU
		{BEC08AEB-60B2-40ED-A798-C36E83E9C40E}.Debug|Any CPU.ActiveCfg = Debug|Any CPU
		{BEC08AEB-60B2-40ED-A798-C36E83E9C40E}.Debug|Any CPU.Build.0 = Debug|Any CPU
		{BEC08AEB-60B2-40ED-A798-C36E83E9C40E}.Release|Any CPU.ActiveCfg = Release|Any CPU
		{BEC08AEB-60B2-40ED-A798-C36E83E9C40E}.Release|Any CPU.Build.0 = Release|Any CPU
		{A3AA4879-E1FB-4BB4-BC25-12345B1AC06D}.Debug|Any CPU.ActiveCfg = Debug|Any CPU
		{A3AA4879-E1FB-4BB4-BC25-12345B1AC06D}.Debug|Any CPU.Build.0 = Debug|Any CPU
		{A3AA4879-E1FB-4BB4-BC25-12345B1AC06D}.Release|Any CPU.ActiveCfg = Release|Any CPU
		{A3AA4879-E1FB-4BB4-BC25-12345B1AC06D}.Release|Any CPU.Build.0 = Release|Any CPU
	EndGlobalSection
	GlobalSection(SolutionProperties) = preSolution
		HideSolutionNode = FALSE
	EndGlobalSection
	GlobalSection(ExtensibilityGlobals) = postSolution
		SolutionGuid = {C260B09C-2B3F-4FA7-94AF-C4CE6B094F08}
	EndGlobalSection
EndGlobal
